
Microsoft Visual Studio Solution File, Format Version 12.00
# Visual Studio 2012
Project("{FAE04EC0-301F-11D3-BF4B-00C04F79EFBC}") = "FlappyBird", "FlappyBird\FlappyBird.csproj", "{39AB618D-96DB-4320-B7EA-567EABA8C117}"
EndProject
Project("{FAE04EC0-301F-11D3-BF4B-00C04F79EFBC}") = "FlappyBirdContent", "FlappyBirdContent\FlappyBirdContent.contentproj", "{0AFAC8F7-930B-4413-A2E3-E3837DA5079D}"
EndProject
Global
	GlobalSection(SolutionConfigurationPlatforms) = preSolution
		Debug|Windows Phone = Debug|Windows Phone
		Release|Windows Phone = Release|Windows Phone
	EndGlobalSection
	GlobalSection(ProjectConfigurationPlatforms) = postSolution
		{39AB618D-96DB-4320-B7EA-567EABA8C117}.Debug|Windows Phone.ActiveCfg = Debug|Windows Phone
		{39AB618D-96DB-4320-B7EA-567EABA8C117}.Debug|Windows Phone.Build.0 = Debug|Windows Phone
		{39AB618D-96DB-4320-B7EA-567EABA8C117}.Debug|Windows Phone.Deploy.0 = Debug|Windows Phone
		{39AB618D-96DB-4320-B7EA-567EABA8C117}.Release|Windows Phone.ActiveCfg = Release|Windows Phone
		{39AB618D-96DB-4320-B7EA-567EABA8C117}.Release|Windows Phone.Build.0 = Release|Windows Phone
		{39AB618D-96DB-4320-B7EA-567EABA8C117}.Release|Windows Phone.Deploy.0 = Release|Windows Phone
		{0AFAC8F7-930B-4413-A2E3-E3837DA5079D}.Debug|Windows Phone.ActiveCfg = Debug|Windows Phone
		{0AFAC8F7-930B-4413-A2E3-E3837DA5079D}.Release|Windows Phone.ActiveCfg = Release|Windows Phone
	EndGlobalSection
	GlobalSection(SolutionProperties) = preSolution
		HideSolutionNode = FALSE
	EndGlobalSection
EndGlobal
